
Microsoft Visual Studio Solution File, Format Version 12.00
# Visual Studio Version 17
VisualStudioVersion = 17.12.35527.113
MinimumVisualStudioVersion = 10.0.40219.1
Project("{2150E333-8FDC-42A3-9474-1A3956D46DE8}") = "src", "src", "{D1A64DFE-DAA1-4CD8-916F-C7CBDDA970BD}"
EndProject
Project("{2150E333-8FDC-42A3-9474-1A3956D46DE8}") = "test", "test", "{A96A8877-BEEC-4881-9989-4158F05501AD}"
EndProject
Project("{2150E333-8FDC-42A3-9474-1A3956D46DE8}") = "presentation", "presentation", "{99A1A4A6-2261-4756-BC5E-22426EB6160A}"
EndProject
Project("{FAE04EC0-301F-11D3-BF4B-00C04F79EFBC}") = "GraduationProjecrStore.Infrastructure", "GPS.Infrastructure\GraduationProjecrStore.Infrastructure.csproj", "{40F90E0C-8DF9-4625-B325-52FB00AC22BD}"
EndProject
Project("{FAE04EC0-301F-11D3-BF4B-00C04F79EFBC}") = "GraduationProjectStore.Service", "GPS.Service\GraduationProjectStore.Service.csproj", "{FF98228A-ADD4-4008-9596-0EA02BD0D64A}"
EndProject
Project("{FAE04EC0-301F-11D3-BF4B-00C04F79EFBC}") = "GraduationProjectStore.Core", "GPS.Core\GraduationProjectStore.Core.csproj", "{1DDC8B3E-BA49-4215-A636-F090C95C9DC5}"
EndProject
Project("{FAE04EC0-301F-11D3-BF4B-00C04F79EFBC}") = "Graduation Project Store.API", "GraduationProjectStore.Api\Graduation Project Store.API.csproj", "{D88AB1F0-B915-4F1B-8B40-973811E26D84}"
EndProject
Project("{FAE04EC0-301F-11D3-BF4B-00C04F79EFBC}") = "GraduationProjectStore.MVC", "GraduationProjectStore.MVC\GraduationProjectStore.MVC.csproj", "{1FCDE2BA-B743-47CF-BEE8-4DE6E6DFFE37}"
EndProject
Project("{2150E333-8FDC-42A3-9474-1A3956D46DE8}") = "UnitTest", "UnitTest", "{F1A8DD70-4589-4145-BEBE-DF5E869E3F52}"
EndProject
Project("{2150E333-8FDC-42A3-9474-1A3956D46DE8}") = "AutomationTest", "AutomationTest", "{AFDB66B4-FE01-4618-92BE-A55A5676AD37}"
EndProject
Project("{FAE04EC0-301F-11D3-BF4B-00C04F79EFBC}") = "GPS.Core.Tests", "GPS.Core.Tests\GPS.Core.Tests.csproj", "{DABDC4E9-04E6-4348-AAA6-2ED70C18294A}"
EndProject
Project("{FAE04EC0-301F-11D3-BF4B-00C04F79EFBC}") = "GPS.Service.Tests", "GPS.Service.Tests\GPS.Service.Tests.csproj", "{F76516B0-DF72-42FE-BA1A-C488380E9AD6}"
EndProject
Project("{FAE04EC0-301F-11D3-BF4B-00C04F79EFBC}") = "GPS.Infrastructure.Tests", "GPS.Infrastructure.Tests\GPS.Infrastructure.Tests.csproj", "{0F3F5905-385E-453C-8E5B-F2121331BC51}"
EndProject
Project("{FAE04EC0-301F-11D3-BF4B-00C04F79EFBC}") = "GPS.AutomationTest", "GPS.AutomationTest\GPS.AutomationTest.csproj", "{67216E4B-3BD2-47B3-93FB-6C41359F3AF0}"
EndProject
Global
	GlobalSection(SolutionConfigurationPlatforms) = preSolution
		Debug|Any CPU = Debug|Any CPU
		Release|Any CPU = Release|Any CPU
	EndGlobalSection
	GlobalSection(ProjectConfigurationPlatforms) = postSolution
		{40F90E0C-8DF9-4625-B325-52FB00AC22BD}.Debug|Any CPU.ActiveCfg = Debug|Any CPU
		{40F90E0C-8DF9-4625-B325-52FB00AC22BD}.Debug|Any CPU.Build.0 = Debug|Any CPU
		{40F90E0C-8DF9-4625-B325-52FB00AC22BD}.Release|Any CPU.ActiveCfg = Release|Any CPU
		{40F90E0C-8DF9-4625-B325-52FB00AC22BD}.Release|Any CPU.Build.0 = Release|Any CPU
		{FF98228A-ADD4-4008-9596-0EA02BD0D64A}.Debug|Any CPU.ActiveCfg = Debug|Any CPU
		{FF98228A-ADD4-4008-9596-0EA02BD0D64A}.Debug|Any CPU.Build.0 = Debug|Any CPU
		{FF98228A-ADD4-4008-9596-0EA02BD0D64A}.Release|Any CPU.ActiveCfg = Release|Any CPU
		{FF98228A-ADD4-4008-9596-0EA02BD0D64A}.Release|Any CPU.Build.0 = Release|Any CPU
		{1DDC8B3E-BA49-4215-A636-F090C95C9DC5}.Debug|Any CPU.ActiveCfg = Debug|Any CPU
		{1DDC8B3E-BA49-4215-A636-F090C95C9DC5}.Debug|Any CPU.Build.0 = Debug|Any CPU
		{1DDC8B3E-BA49-4215-A636-F090C95C9DC5}.Release|Any CPU.ActiveCfg = Release|Any CPU
		{1DDC8B3E-BA49-4215-A636-F090C95C9DC5}.Release|Any CPU.Build.0 = Release|Any CPU
		{D88AB1F0-B915-4F1B-8B40-973811E26D84}.Debug|Any CPU.ActiveCfg = Debug|Any CPU
		{D88AB1F0-B915-4F1B-8B40-973811E26D84}.Debug|Any CPU.Build.0 = Debug|Any CPU
		{D88AB1F0-B915-4F1B-8B40-973811E26D84}.Release|Any CPU.ActiveCfg = Release|Any CPU
		{D88AB1F0-B915-4F1B-8B40-973811E26D84}.Release|Any CPU.Build.0 = Release|Any CPU
		{1FCDE2BA-B743-47CF-BEE8-4DE6E6DFFE37}.Debug|Any CPU.ActiveCfg = Debug|Any CPU
		{1FCDE2BA-B743-47CF-BEE8-4DE6E6DFFE37}.Debug|Any CPU.Build.0 = Debug|Any CPU
		{1FCDE2BA-B743-47CF-BEE8-4DE6E6DFFE37}.Release|Any CPU.ActiveCfg = Release|Any CPU
		{1FCDE2BA-B743-47CF-BEE8-4DE6E6DFFE37}.Release|Any CPU.Build.0 = Release|Any CPU
		{DABDC4E9-04E6-4348-AAA6-2ED70C18294A}.Debug|Any CPU.ActiveCfg = Debug|Any CPU
		{DABDC4E9-04E6-4348-AAA6-2ED70C18294A}.Debug|Any CPU.Build.0 = Debug|Any CPU
		{DABDC4E9-04E6-4348-AAA6-2ED70C18294A}.Release|Any CPU.ActiveCfg = Release|Any CPU
		{DABDC4E9-04E6-4348-AAA6-2ED70C18294A}.Release|Any CPU.Build.0 = Release|Any CPU
		{F76516B0-DF72-42FE-BA1A-C488380E9AD6}.Debug|Any CPU.ActiveCfg = Debug|Any CPU
		{F76516B0-DF72-42FE-BA1A-C488380E9AD6}.Debug|Any CPU.Build.0 = Debug|Any CPU
		{F76516B0-DF72-42FE-BA1A-C488380E9AD6}.Release|Any CPU.ActiveCfg = Release|Any CPU
		{F76516B0-DF72-42FE-BA1A-C488380E9AD6}.Release|Any CPU.Build.0 = Release|Any CPU
		{0F3F5905-385E-453C-8E5B-F2121331BC51}.Debug|Any CPU.ActiveCfg = Debug|Any CPU
		{0F3F5905-385E-453C-8E5B-F2121331BC51}.Debug|Any CPU.Build.0 = Debug|Any CPU
		{0F3F5905-385E-453C-8E5B-F2121331BC51}.Release|Any CPU.ActiveCfg = Release|Any CPU
		{0F3F5905-385E-453C-8E5B-F2121331BC51}.Release|Any CPU.Build.0 = Release|Any CPU
		{67216E4B-3BD2-47B3-93FB-6C41359F3AF0}.Debug|Any CPU.ActiveCfg = Debug|Any CPU
		{67216E4B-3BD2-47B3-93FB-6C41359F3AF0}.Debug|Any CPU.Build.0 = Debug|Any CPU
		{67216E4B-3BD2-47B3-93FB-6C41359F3AF0}.Release|Any CPU.ActiveCfg = Release|Any CPU
		{67216E4B-3BD2-47B3-93FB-6C41359F3AF0}.Release|Any CPU.Build.0 = Release|Any CPU
	EndGlobalSection
	GlobalSection(SolutionProperties) = preSolution
		HideSolutionNode = FALSE
	EndGlobalSection
	GlobalSection(NestedProjects) = preSolution
		{40F90E0C-8DF9-4625-B325-52FB00AC22BD} = {D1A64DFE-DAA1-4CD8-916F-C7CBDDA970BD}
		{FF98228A-ADD4-4008-9596-0EA02BD0D64A} = {D1A64DFE-DAA1-4CD8-916F-C7CBDDA970BD}
		{1DDC8B3E-BA49-4215-A636-F090C95C9DC5} = {D1A64DFE-DAA1-4CD8-916F-C7CBDDA970BD}
		{D88AB1F0-B915-4F1B-8B40-973811E26D84} = {99A1A4A6-2261-4756-BC5E-22426EB6160A}
		{1FCDE2BA-B743-47CF-BEE8-4DE6E6DFFE37} = {99A1A4A6-2261-4756-BC5E-22426EB6160A}
		{F1A8DD70-4589-4145-BEBE-DF5E869E3F52} = {A96A8877-BEEC-4881-9989-4158F05501AD}
		{AFDB66B4-FE01-4618-92BE-A55A5676AD37} = {A96A8877-BEEC-4881-9989-4158F05501AD}
		{DABDC4E9-04E6-4348-AAA6-2ED70C18294A} = {F1A8DD70-4589-4145-BEBE-DF5E869E3F52}
		{F76516B0-DF72-42FE-BA1A-C488380E9AD6} = {F1A8DD70-4589-4145-BEBE-DF5E869E3F52}
		{0F3F5905-385E-453C-8E5B-F2121331BC51} = {F1A8DD70-4589-4145-BEBE-DF5E869E3F52}
		{67216E4B-3BD2-47B3-93FB-6C41359F3AF0} = {AFDB66B4-FE01-4618-92BE-A55A5676AD37}
	EndGlobalSection
EndGlobal
